
Microsoft Visual Studio Solution File, Format Version 12.00
# Visual Studio Version 17
VisualStudioVersion = 17.5.33530.505
MinimumVisualStudioVersion = 10.0.40219.1
Project("{FAE04EC0-301F-11D3-BF4B-00C04F79EFBC}") = "Xmlassi", "Xmlassi\Xmlassi.csproj", "{50FEBD39-7DC3-46FE-8CEE-68F147ED025C}"
EndProject
Global
	GlobalSection(SolutionConfigurationPlatforms) = preSolution
		Debug|Any CPU = Debug|Any CPU
		Release|Any CPU = Release|Any CPU
	EndGlobalSection
	GlobalSection(ProjectConfigurationPlatforms) = postSolution
		{50FEBD39-7DC3-46FE-8CEE-68F147ED025C}.Debug|Any CPU.ActiveCfg = Debug|Any CPU
		{50FEBD39-7DC3-46FE-8CEE-68F147ED025C}.Debug|Any CPU.Build.0 = Debug|Any CPU
		{50FEBD39-7DC3-46FE-8CEE-68F147ED025C}.Release|Any CPU.ActiveCfg = Release|Any CPU
		{50FEBD39-7DC3-46FE-8CEE-68F147ED025C}.Release|Any CPU.Build.0 = Release|Any CPU
	EndGlobalSection
	GlobalSection(SolutionProperties) = preSolution
		HideSolutionNode = FALSE
	EndGlobalSection
	GlobalSection(ExtensibilityGlobals) = postSolution
		SolutionGuid = {7D73F4B3-2774-4A46-87C6-7DBB475A44B8}
	EndGlobalSection
EndGlobal
